
Microsoft Visual Studio Solution File, Format Version 11.00
# Visual Studio 2010
Project("{FAE04EC0-301F-11D3-BF4B-00C04F79EFBC}") = "VRTennis", "Assembly-CSharp-firstpass.csproj", "{779680A3-9101-F6DD-5108-10063AC0789A}"
EndProject
Project("{FAE04EC0-301F-11D3-BF4B-00C04F79EFBC}") = "VRTennis", "Assembly-CSharp.csproj", "{2D65A1B3-EDBB-27E7-9F7C-1F91CBB60737}"
EndProject
Project("{FAE04EC0-301F-11D3-BF4B-00C04F79EFBC}") = "VRTennis", "Assembly-CSharp-Editor.csproj", "{1A95C98B-B739-22B8-2919-79CBDD5C61EB}"
EndProject
Global
	GlobalSection(SolutionConfigurationPlatforms) = preSolution
		Debug|Any CPU = Debug|Any CPU
		Release|Any CPU = Release|Any CPU
	EndGlobalSection
	GlobalSection(ProjectConfigurationPlatforms) = postSolution
		{779680A3-9101-F6DD-5108-10063AC0789A}.Debug|Any CPU.ActiveCfg = Debug|Any CPU
		{779680A3-9101-F6DD-5108-10063AC0789A}.Debug|Any CPU.Build.0 = Debug|Any CPU
		{779680A3-9101-F6DD-5108-10063AC0789A}.Release|Any CPU.ActiveCfg = Release|Any CPU
		{779680A3-9101-F6DD-5108-10063AC0789A}.Release|Any CPU.Build.0 = Release|Any CPU
		{2D65A1B3-EDBB-27E7-9F7C-1F91CBB60737}.Debug|Any CPU.ActiveCfg = Debug|Any CPU
		{2D65A1B3-EDBB-27E7-9F7C-1F91CBB60737}.Debug|Any CPU.Build.0 = Debug|Any CPU
		{2D65A1B3-EDBB-27E7-9F7C-1F91CBB60737}.Release|Any CPU.ActiveCfg = Release|Any CPU
		{2D65A1B3-EDBB-27E7-9F7C-1F91CBB60737}.Release|Any CPU.Build.0 = Release|Any CPU
		{1A95C98B-B739-22B8-2919-79CBDD5C61EB}.Debug|Any CPU.ActiveCfg = Debug|Any CPU
		{1A95C98B-B739-22B8-2919-79CBDD5C61EB}.Debug|Any CPU.Build.0 = Debug|Any CPU
		{1A95C98B-B739-22B8-2919-79CBDD5C61EB}.Release|Any CPU.ActiveCfg = Release|Any CPU
		{1A95C98B-B739-22B8-2919-79CBDD5C61EB}.Release|Any CPU.Build.0 = Release|Any CPU
	EndGlobalSection
	GlobalSection(SolutionProperties) = preSolution
		HideSolutionNode = FALSE
	EndGlobalSection
	GlobalSection(MonoDevelopProperties) = preSolution
		StartupItem = Assembly-CSharp.csproj
	EndGlobalSection
EndGlobal
